
Microsoft Visual Studio Solution File, Format Version 12.00
# Visual Studio 15
Project("{FAE04EC0-301F-11D3-BF4B-00C04F79EFBC}") = "Assembly-CSharp", "Assembly-CSharp.csproj", "{472656CC-C8DD-D769-AC49-90F0E71A5E45}"
EndProject
Project("{FAE04EC0-301F-11D3-BF4B-00C04F79EFBC}") = "FMODUnity", "FMODUnity.csproj", "{F785BEB1-A8EF-79CC-AA7E-C70CFE4FE872}"
EndProject
Project("{FAE04EC0-301F-11D3-BF4B-00C04F79EFBC}") = "FMODUnityEditor", "FMODUnityEditor.csproj", "{F7A3DB6B-6E86-2385-7EC3-0FBF635850A0}"
EndProject
Project("{FAE04EC0-301F-11D3-BF4B-00C04F79EFBC}") = "FMODUnityResonanceEditor", "FMODUnityResonanceEditor.csproj", "{C84A9629-9901-A874-329B-08ADF46DCEC7}"
EndProject
Project("{FAE04EC0-301F-11D3-BF4B-00C04F79EFBC}") = "FMODUnityResonance", "FMODUnityResonance.csproj", "{69851C7F-155C-5A47-63B5-163E6B114E1B}"
EndProject
Global
	GlobalSection(SolutionConfigurationPlatforms) = preSolution
		Debug|Any CPU = Debug|Any CPU
		Release|Any CPU = Release|Any CPU
	EndGlobalSection
	GlobalSection(ProjectConfigurationPlatforms) = postSolution
		{472656CC-C8DD-D769-AC49-90F0E71A5E45}.Debug|Any CPU.ActiveCfg = Debug|Any CPU
		{472656CC-C8DD-D769-AC49-90F0E71A5E45}.Debug|Any CPU.Build.0 = Debug|Any CPU
		{472656CC-C8DD-D769-AC49-90F0E71A5E45}.Release|Any CPU.ActiveCfg = Release|Any CPU
		{472656CC-C8DD-D769-AC49-90F0E71A5E45}.Release|Any CPU.Build.0 = Release|Any CPU
		{F785BEB1-A8EF-79CC-AA7E-C70CFE4FE872}.Debug|Any CPU.ActiveCfg = Debug|Any CPU
		{F785BEB1-A8EF-79CC-AA7E-C70CFE4FE872}.Debug|Any CPU.Build.0 = Debug|Any CPU
		{F785BEB1-A8EF-79CC-AA7E-C70CFE4FE872}.Release|Any CPU.ActiveCfg = Release|Any CPU
		{F785BEB1-A8EF-79CC-AA7E-C70CFE4FE872}.Release|Any CPU.Build.0 = Release|Any CPU
		{F7A3DB6B-6E86-2385-7EC3-0FBF635850A0}.Debug|Any CPU.ActiveCfg = Debug|Any CPU
		{F7A3DB6B-6E86-2385-7EC3-0FBF635850A0}.Debug|Any CPU.Build.0 = Debug|Any CPU
		{F7A3DB6B-6E86-2385-7EC3-0FBF635850A0}.Release|Any CPU.ActiveCfg = Release|Any CPU
		{F7A3DB6B-6E86-2385-7EC3-0FBF635850A0}.Release|Any CPU.Build.0 = Release|Any CPU
		{C84A9629-9901-A874-329B-08ADF46DCEC7}.Debug|Any CPU.ActiveCfg = Debug|Any CPU
		{C84A9629-9901-A874-329B-08ADF46DCEC7}.Debug|Any CPU.Build.0 = Debug|Any CPU
		{C84A9629-9901-A874-329B-08ADF46DCEC7}.Release|Any CPU.ActiveCfg = Release|Any CPU
		{C84A9629-9901-A874-329B-08ADF46DCEC7}.Release|Any CPU.Build.0 = Release|Any CPU
		{69851C7F-155C-5A47-63B5-163E6B114E1B}.Debug|Any CPU.ActiveCfg = Debug|Any CPU
		{69851C7F-155C-5A47-63B5-163E6B114E1B}.Debug|Any CPU.Build.0 = Debug|Any CPU
		{69851C7F-155C-5A47-63B5-163E6B114E1B}.Release|Any CPU.ActiveCfg = Release|Any CPU
		{69851C7F-155C-5A47-63B5-163E6B114E1B}.Release|Any CPU.Build.0 = Release|Any CPU
	EndGlobalSection
	GlobalSection(SolutionProperties) = preSolution
		HideSolutionNode = FALSE
	EndGlobalSection
EndGlobal
